
Microsoft Visual Studio Solution File, Format Version 12.00
# Visual Studio Version 16
VisualStudioVersion = 16.0.28803.916
MinimumVisualStudioVersion = 10.0.40219.1
Project("{9A19103F-16F7-4668-BE54-9A1E7A4F7556}") = "OOP", "OOP\OOP.csproj", "{2719890A-6461-438D-B8BF-611284AF53E8}"
EndProject
Project("{9A19103F-16F7-4668-BE54-9A1E7A4F7556}") = "№2", "№2\№2.csproj", "{E1609061-78DA-441D-9947-C8D4B3D5884E}"
EndProject
Project("{9A19103F-16F7-4668-BE54-9A1E7A4F7556}") = "№3", "№3\№3.csproj", "{85A170A7-141B-44EB-A12E-DC86638F0727}"
EndProject
Project("{9A19103F-16F7-4668-BE54-9A1E7A4F7556}") = "№4", "№4\№4.csproj", "{556D1316-F9FC-4ED0-8C35-91E9CDABF10B}"
EndProject
Project("{FAE04EC0-301F-11D3-BF4B-00C04F79EFBC}") = "№5", "№5\№5.csproj", "{F285EEBD-3FB4-4B96-B72D-52B8058A0226}"
EndProject
Global
	GlobalSection(SolutionConfigurationPlatforms) = preSolution
		Debug|Any CPU = Debug|Any CPU
		Release|Any CPU = Release|Any CPU
	EndGlobalSection
	GlobalSection(ProjectConfigurationPlatforms) = postSolution
		{2719890A-6461-438D-B8BF-611284AF53E8}.Debug|Any CPU.ActiveCfg = Debug|Any CPU
		{2719890A-6461-438D-B8BF-611284AF53E8}.Debug|Any CPU.Build.0 = Debug|Any CPU
		{2719890A-6461-438D-B8BF-611284AF53E8}.Release|Any CPU.ActiveCfg = Release|Any CPU
		{2719890A-6461-438D-B8BF-611284AF53E8}.Release|Any CPU.Build.0 = Release|Any CPU
		{E1609061-78DA-441D-9947-C8D4B3D5884E}.Debug|Any CPU.ActiveCfg = Debug|Any CPU
		{E1609061-78DA-441D-9947-C8D4B3D5884E}.Debug|Any CPU.Build.0 = Debug|Any CPU
		{E1609061-78DA-441D-9947-C8D4B3D5884E}.Release|Any CPU.ActiveCfg = Release|Any CPU
		{E1609061-78DA-441D-9947-C8D4B3D5884E}.Release|Any CPU.Build.0 = Release|Any CPU
		{85A170A7-141B-44EB-A12E-DC86638F0727}.Debug|Any CPU.ActiveCfg = Debug|Any CPU
		{85A170A7-141B-44EB-A12E-DC86638F0727}.Debug|Any CPU.Build.0 = Debug|Any CPU
		{85A170A7-141B-44EB-A12E-DC86638F0727}.Release|Any CPU.ActiveCfg = Release|Any CPU
		{85A170A7-141B-44EB-A12E-DC86638F0727}.Release|Any CPU.Build.0 = Release|Any CPU
		{556D1316-F9FC-4ED0-8C35-91E9CDABF10B}.Debug|Any CPU.ActiveCfg = Debug|Any CPU
		{556D1316-F9FC-4ED0-8C35-91E9CDABF10B}.Debug|Any CPU.Build.0 = Debug|Any CPU
		{556D1316-F9FC-4ED0-8C35-91E9CDABF10B}.Release|Any CPU.ActiveCfg = Release|Any CPU
		{556D1316-F9FC-4ED0-8C35-91E9CDABF10B}.Release|Any CPU.Build.0 = Release|Any CPU
		{F285EEBD-3FB4-4B96-B72D-52B8058A0226}.Debug|Any CPU.ActiveCfg = Debug|Any CPU
		{F285EEBD-3FB4-4B96-B72D-52B8058A0226}.Debug|Any CPU.Build.0 = Debug|Any CPU
		{F285EEBD-3FB4-4B96-B72D-52B8058A0226}.Release|Any CPU.ActiveCfg = Release|Any CPU
		{F285EEBD-3FB4-4B96-B72D-52B8058A0226}.Release|Any CPU.Build.0 = Release|Any CPU
	EndGlobalSection
	GlobalSection(SolutionProperties) = preSolution
		HideSolutionNode = FALSE
	EndGlobalSection
	GlobalSection(ExtensibilityGlobals) = postSolution
		SolutionGuid = {AA830047-799A-471A-B8E0-A64D97956928}
	EndGlobalSection
EndGlobal
